
Microsoft Visual Studio Solution File, Format Version 12.00
# Visual Studio Version 16
VisualStudioVersion = 16.0.30204.135
MinimumVisualStudioVersion = 10.0.40219.1
Project("{FAE04EC0-301F-11D3-BF4B-00C04F79EFBC}") = "ProjectB", "ProjectB\ProjectB.csproj", "{08E5F9D5-40A1-4713-BE5A-CB038399C01C}"
EndProject
Global
	GlobalSection(SolutionConfigurationPlatforms) = preSolution
		Debug|Any CPU = Debug|Any CPU
		Release|Any CPU = Release|Any CPU
	EndGlobalSection
	GlobalSection(ProjectConfigurationPlatforms) = postSolution
		{08E5F9D5-40A1-4713-BE5A-CB038399C01C}.Debug|Any CPU.ActiveCfg = Debug|Any CPU
		{08E5F9D5-40A1-4713-BE5A-CB038399C01C}.Debug|Any CPU.Build.0 = Debug|Any CPU
		{08E5F9D5-40A1-4713-BE5A-CB038399C01C}.Release|Any CPU.ActiveCfg = Release|Any CPU
		{08E5F9D5-40A1-4713-BE5A-CB038399C01C}.Release|Any CPU.Build.0 = Release|Any CPU
	EndGlobalSection
	GlobalSection(SolutionProperties) = preSolution
		HideSolutionNode = FALSE
	EndGlobalSection
	GlobalSection(ExtensibilityGlobals) = postSolution
		SolutionGuid = {2EBDDCBF-A3AE-4A4D-B7B1-9B880FD3C693}
	EndGlobalSection
EndGlobal
